
Microsoft Visual Studio Solution File, Format Version 12.00
# Visual Studio Version 16
VisualStudioVersion = 16.0.29806.167
MinimumVisualStudioVersion = 10.0.40219.1
Project("{FAE04EC0-301F-11D3-BF4B-00C04F79EFBC}") = "SYN001", "SYN001.csproj", "{418EBEF6-4F39-400F-AD93-60699161C4BC}"
EndProject
Project("{FAE04EC0-301F-11D3-BF4B-00C04F79EFBC}") = "SYN001.Tests", "..\SYN001.Tests\SYN001.Tests.csproj", "{59213549-3206-48E6-8D9E-D169D9926A48}"
EndProject
Global
	GlobalSection(SolutionConfigurationPlatforms) = preSolution
		Debug|Any CPU = Debug|Any CPU
		Release|Any CPU = Release|Any CPU
	EndGlobalSection
	GlobalSection(ProjectConfigurationPlatforms) = postSolution
		{418EBEF6-4F39-400F-AD93-60699161C4BC}.Debug|Any CPU.ActiveCfg = Debug|Any CPU
		{418EBEF6-4F39-400F-AD93-60699161C4BC}.Debug|Any CPU.Build.0 = Debug|Any CPU
		{418EBEF6-4F39-400F-AD93-60699161C4BC}.Release|Any CPU.ActiveCfg = Release|Any CPU
		{418EBEF6-4F39-400F-AD93-60699161C4BC}.Release|Any CPU.Build.0 = Release|Any CPU
		{59213549-3206-48E6-8D9E-D169D9926A48}.Debug|Any CPU.ActiveCfg = Debug|Any CPU
		{59213549-3206-48E6-8D9E-D169D9926A48}.Debug|Any CPU.Build.0 = Debug|Any CPU
		{59213549-3206-48E6-8D9E-D169D9926A48}.Release|Any CPU.ActiveCfg = Release|Any CPU
		{59213549-3206-48E6-8D9E-D169D9926A48}.Release|Any CPU.Build.0 = Release|Any CPU
	EndGlobalSection
	GlobalSection(SolutionProperties) = preSolution
		HideSolutionNode = FALSE
	EndGlobalSection
	GlobalSection(ExtensibilityGlobals) = postSolution
		SolutionGuid = {8807F7FC-D99A-4B3F-9544-608DE293EC0C}
	EndGlobalSection
EndGlobal
